{
    "_meta": {
        "hash": {
            "sha256": "e94fcf277d4b6217a474282b3177e169048a8b568d4cf251cddc3a1803880624"
        },
        "pipfile-spec": 6,
        "requires": {
            "python_version": "3.6"
        },
        "sources": [
            {
                "name": "pypi",
                "url": "https://pypi.python.org/simple",
                "verify_ssl": true
            }
        ]
    },
    "default": {
        "atomicwrites": {
            "hashes": [
                "sha256:6d1784dea7c0c8d4a5172b6c620f40b6e4cbfdf96d783691f2e1302a7b88e197",
                "sha256:ae70396ad1a434f9c7046fd2dd196fc04b12f9e91ffb859164193be8b6168a7a"
            ],
            "version": "==1.4.0"
        },
        "attrs": {
            "hashes": [
                "sha256:08a96c641c3a74e44eb59afb61a24f2cb9f4d7188748e76ba4bb5edfa3cb7d1c",
                "sha256:f7b7ce16570fe9965acd6d30101a28f62fb4a7f9e926b3bbc9b61f8b04247e72"
            ],
            "version": "==19.3.0"
        },
        "biography": {
            "editable": true,
            "path": "./.."
        },
        "boto3": {
            "hashes": [
                "sha256:bcaa88b2f81b88741c47da52f3414c876236700441df87b6198f860e6a200d6f",
                "sha256:e974e7a3bbdbd6a73ffc07bea5fa0c0744a5a8b87dcca94702597176e3de465e"
            ],
            "version": "==1.13.23"
        },
        "botocore": {
            "hashes": [
                "sha256:5831068c9b49b4c91b0733e0ec784a7733d8732359d73c67a07a0b0868433cae",
                "sha256:7778957bdc9a25dd33bb4383ebd6d45a8570a2cbff03d1edf430fdacec2b7437"
            ],
            "version": "==1.16.23"
        },
        "census": {
            "hashes": [
                "sha256:1befe280f381781ee9860268ec2656c9e38f694aa25a9f0bf5627ec3a4209e96",
                "sha256:db174b0c0447770aaa9bd06b3379da499003cdd97afbd1e1abbb5233ec74da22"
            ],
            "version": "==0.8.14"
        },
        "certifi": {
            "hashes": [
                "sha256:1d987a998c75633c40847cc966fcf5904906c920a7f17ef374f5aa4282abd304",
                "sha256:51fcb31174be6e6664c5f69e3e1691a2d72a1a12e90f872cbdb1567eb47b6519"
            ],
            "version": "==2020.4.5.1"
        },
        "chardet": {
            "hashes": [
                "sha256:84ab92ed1c4d4f16916e05906b6b75a6c0fb5db821cc65e70cbd64a3e2a5eaae",
                "sha256:fc323ffcaeaed0e0a02bf4d117757b98aed530d9ed4531e3e15460124c106691"
            ],
            "version": "==3.0.4"
        },
        "dictobject": {
            "hashes": [
                "sha256:1920ae314d121c53d3c0a3fc2f9cbe124ef9b9ff4b0b165531cfea5b99becc8e"
            ],
            "version": "==1.1.1"
        },
        "dj-database-url": {
            "hashes": [
                "sha256:4aeaeb1f573c74835b0686a2b46b85990571159ffc21aa57ecd4d1e1cb334163",
                "sha256:851785365761ebe4994a921b433062309eb882fedd318e1b0fcecc607ed02da9"
            ],
            "index": "pypi",
            "version": "==0.5.0"
        },
        "django": {
            "hashes": [
                "sha256:84f370f6acedbe1f3c41e1a02de44ac206efda3355e427139ecb785b5f596d80",
                "sha256:e8fe3c2b2212dce6126becab7a693157f1a441a07b62ec994c046c76af5bb66d"
            ],
            "index": "pypi",
            "version": "==2.2.13"
        },
        "django-storages": {
            "hashes": [
                "sha256:3103991c2ee8cef8a2ff096709973ffe7106183d211a79f22cf855f33533d924",
                "sha256:a59e9923cbce7068792f75344ed7727021ee4ac20f227cf17297d0d03d141e91"
            ],
            "version": "==1.9.1"
        },
        "django-uuslug": {
            "hashes": [
                "sha256:bf0872618acc61f7ace65b96ae71d63f347595c8b990942834f1ba9448af19ec"
            ],
            "version": "==1.2.0"
        },
        "djangorestframework": {
            "hashes": [
                "sha256:607865b0bb1598b153793892101d881466bd5a991de12bd6229abb18b1c86136",
                "sha256:63f76cbe1e7d12b94c357d7e54401103b2e52aef0f7c1650d6c820ad708776e5"
            ],
            "index": "pypi",
            "version": "==3.9.0"
        },
        "docutils": {
            "hashes": [
                "sha256:6c4f696463b79f1fb8ba0c594b63840ebd41f059e92b31957c46b74a4599b6d0",
                "sha256:9e4d7ecfc600058e07ba661411a2b7de2fd0fafa17d1a7f7361cd47b1175c827",
                "sha256:a2aeea129088da402665e92e0b25b04b073c04b2dce4ab65caaa38b7ce2e1a99"
            ],
            "version": "==0.15.2"
        },
        "flake8": {
            "hashes": [
                "sha256:6a35f5b8761f45c5513e3405f110a86bea57982c3b75b766ce7b65217abe1670",
                "sha256:c01f8a3963b3571a8e6bd7a4063359aff90749e160778e03817cd9b71c9e07d2"
            ],
            "index": "pypi",
            "version": "==3.6.0"
        },
        "future": {
            "hashes": [
                "sha256:b1bead90b70cf6ec3f0710ae53a525360fa360d306a86583adc6bf83a4db537d"
            ],
            "version": "==0.18.2"
        },
        "geojson": {
            "hashes": [
                "sha256:6e4bb7ace4226a45d9c8c8b1348b3fc43540658359f93c3f7e03efa9f15f658a",
                "sha256:ccbd13368dd728f4e4f13ffe6aaf725b6e802c692ba0dde628be475040c534ba"
            ],
            "version": "==2.5.0"
        },
        "idna": {
            "hashes": [
                "sha256:7588d1c14ae4c77d74036e8c22ff447b26d0fde8f007354fd48a7814db15b7cb",
                "sha256:a068a21ceac8a4d63dbfd964670474107f541babbd2250d61922f029858365fa"
            ],
            "version": "==2.9"
        },
        "importlib-metadata": {
            "hashes": [
                "sha256:2a688cbaa90e0cc587f1df48bdc97a6eadccdcd9c35fb3f976a09e3b5016d90f",
                "sha256:34513a8a0c4962bc66d35b359558fd8a5e10cd472d37aec5f66858addef32c1e"
            ],
            "markers": "python_version < '3.8'",
            "version": "==1.6.0"
        },
        "jellyfish": {
            "hashes": [
                "sha256:5104e45a2b804b48a46a92a5e6d6e86830fe60ae83b1da32c867402c8f4c2094"
            ],
            "version": "==0.6.1"
        },
        "jmespath": {
            "hashes": [
                "sha256:b85d0567b8666149a93172712e68920734333c0ce7e89b78b3e987f71e5ed4f9",
                "sha256:cdf6525904cc597730141d61b36f2e4b8ecc257c420fa2f4549bac2c2d0cb72f"
            ],
            "version": "==0.10.0"
        },
        "luckydonald-utils": {
            "hashes": [
                "sha256:1688da35677b5a363f23e413260ce031d7b605ce90a49943c7c9413fd392e9cd",
                "sha256:193a072d10eab53658a1710a5b54e1702e7d6d8095f0dae10e0f9622a385447c"
            ],
            "version": "==0.77"
        },
        "mccabe": {
            "hashes": [
                "sha256:ab8a6258860da4b6677da4bd2fe5dc2c659cff31b3ee4f7f5d64e79735b80d42",
                "sha256:dd8d182285a0fe56bace7f45b5e7d1a6ebcbf524e8f3bd87eb0f125271b8831f"
            ],
            "version": "==0.6.1"
        },
        "more-itertools": {
            "hashes": [
                "sha256:558bb897a2232f5e4f8e2399089e35aecb746e1f9191b6584a151647e89267be",
                "sha256:7818f596b1e87be009031c7653d01acc46ed422e6656b394b0f765ce66ed4982"
            ],
            "version": "==8.3.0"
        },
        "pillow": {
            "hashes": [
                "sha256:04766c4930c174b46fd72d450674612ab44cca977ebbcc2dde722c6933290107",
                "sha256:0e2a3bceb0fd4e0cb17192ae506d5f082b309ffe5fc370a5667959c9b2f85fa3",
                "sha256:0f01e63c34f0e1e2580cc0b24e86a5ccbbfa8830909a52ee17624c4193224cd9",
                "sha256:12e4bad6bddd8546a2f9771485c7e3d2b546b458ae8ff79621214119ac244523",
                "sha256:1f694e28c169655c50bb89a3fa07f3b854d71eb47f50783621de813979ba87f3",
                "sha256:3d25dd8d688f7318dca6d8cd4f962a360ee40346c15893ae3b95c061cdbc4079",
                "sha256:4b02b9c27fad2054932e89f39703646d0c543f21d3cc5b8e05434215121c28cd",
                "sha256:9744350687459234867cbebfe9df8f35ef9e1538f3e729adbd8fde0761adb705",
                "sha256:a0b49960110bc6ff5fead46013bcb8825d101026d466f3a4de3476defe0fb0dd",
                "sha256:ae2b270f9a0b8822b98655cb3a59cdb1bd54a34807c6c56b76dd2e786c3b7db3",
                "sha256:b37bb3bd35edf53125b0ff257822afa6962649995cbdfde2791ddb62b239f891",
                "sha256:b532bcc2f008e96fd9241177ec580829dee817b090532f43e54074ecffdcd97f",
                "sha256:b67a6c47ed963c709ed24566daa3f95a18f07d3831334da570c71da53d97d088",
                "sha256:b943e71c2065ade6fef223358e56c167fc6ce31c50bc7a02dd5c17ee4338e8ac",
                "sha256:ccc9ad2460eb5bee5642eaf75a0438d7f8887d484490d5117b98edd7f33118b7",
                "sha256:d23e2aa9b969cf9c26edfb4b56307792b8b374202810bd949effd1c6e11ebd6d",
                "sha256:eaa83729eab9c60884f362ada982d3a06beaa6cc8b084cf9f76cae7739481dfa",
                "sha256:ee94fce8d003ac9fd206496f2707efe9eadcb278d94c271f129ab36aa7181344",
                "sha256:f455efb7a98557412dc6f8e463c1faf1f1911ec2432059fa3e582b6000fc90e2",
                "sha256:f46e0e024346e1474083c729d50de909974237c72daca05393ee32389dabe457",
                "sha256:f54be399340aa602066adb63a86a6a5d4f395adfdd9da2b9a0162ea808c7b276",
                "sha256:f784aad988f12c80aacfa5b381ec21fd3f38f851720f652b9f33facc5101cf4d"
            ],
            "version": "==7.1.2"
        },
        "pluggy": {
            "hashes": [
                "sha256:15b2acde666561e1298d71b523007ed7364de07029219b604cf808bfa1c765b0",
                "sha256:966c145cd83c96502c3c3868f50408687b38434af77734af1e9ca461a4081d2d"
            ],
            "version": "==0.13.1"
        },
        "politico-civic-election": {
            "hashes": [
                "sha256:9172d25fd19129e15b5af4c70374407f7b225e0f48ca0b7e087fc77910cead52",
                "sha256:bebf99742fc1a81b965cf5d34ea7446e517cc9ec951c67b3781f72f2457000f9"
            ],
            "index": "pypi",
            "version": "==0.3.0"
        },
        "politico-civic-entity": {
            "hashes": [
                "sha256:8f1b96f86cea483d2e6f1510b7bcf66e944bc919ef7d671e28ae86421a9ea69a",
                "sha256:ee33403556daeb8c549df62827e425ec0007f87650b61ec42055c16a463bf9aa"
            ],
            "index": "pypi",
            "version": "==0.2.1"
        },
        "politico-civic-geography": {
            "hashes": [
                "sha256:33bfca6fc038f578d04b04249e47c1e68049ae37f3d2c7d0f9db13e50ad30926",
                "sha256:5cb912cfe42816a0e8cbdf528dbaa990cc06892469a9ba3c5a3517245bea7cca"
            ],
            "index": "pypi",
            "version": "==0.5.1"
        },
        "politico-civic-government": {
            "hashes": [
                "sha256:2cb68b68a74352b1ef0385b24b644e5f215ba1b399dfe6bad18e44d61838dfbd",
                "sha256:4d22fe637d8b32228b700d5accb599719f5a87a1d914e8b7c19bd235bc90fb17"
            ],
            "index": "pypi",
            "version": "==0.1.4"
        },
        "psycopg2": {
            "hashes": [
                "sha256:10e391687b171878181e71736d0effe3772314a339d9ae30995ec8171a0c834e",
                "sha256:1283f9d45e458c2dcb15ba89367923563f90ef636fe78ee22df75183484a0237",
                "sha256:1a9c32e4d140bea225f9821d993b2e53c913e717ea97b851246aa9b300095d8f",
                "sha256:1be6f2438d2b71fec7b07c3c0949dd321b04349c382907ea76b36120edec8300",
                "sha256:20ca6f29e118b8dd7133e8708b3fba2881e70a4e0841f874ed23985b7201a076",
                "sha256:227c115b3c1f65d61385e51ac690b91b584640aefb45bffacd4bd33d02ed7221",
                "sha256:27959abe64ca1fc6d8cd11a71a1f421d8287831a3262bd4cacd43bbf43cc3c82",
                "sha256:2b2daf1fe30a58300542aea679fd87d1e1c2afd36e7644837b7954fa2dbacb92",
                "sha256:36e51a51f295fdf67bcf05e7b1877011a6b39e6622b0013fe31c5025241873a3",
                "sha256:3992b9b914f2eb77dc07e8045d2ca979e491612808bc5c7cd68f307469acf9f6",
                "sha256:39a11de2335ad45ececed43ab851d36a4c52843d756471b940804f301792781e",
                "sha256:3c2afe9ef0d1649005e3ccf93c1aaccd6f8ee379530e763d3b3b77f406b7c0ae",
                "sha256:3fb18e0e52807fe3a300dc1b5421aa492d5e759550918f597d61863419482535",
                "sha256:55eab94de96ee9702f23283e9c8b03cfdb0001e2b14d5d2e1bd5ff8114b96b9f",
                "sha256:7e95c0ab7e7e6e452586f35d4d8966b1e924c8dd2c23977e3ea4968770ff1d26",
                "sha256:7f47514dbddf604f196fcfe5da955537f04691bef8124aff5632316a78d992b7",
                "sha256:8345370356bb4bddf93acbcfd0357163dd6b09471937adcfb38a2fbb49bdce53",
                "sha256:8bc6ecb220c0b88d3742042013129c817c44459795c97e9ce1bca70a3f37a53b",
                "sha256:8df623f248be15d1725faf5f333791678775047f12f17a90d29b5d22573f5cdc",
                "sha256:9645f1305e4268cc0fc88c823cd6c91de27c003e183c233a6a230e5e963039ee",
                "sha256:a68719ed5be8373dd72c9e45d55f7a202285e05a2e392eaa8872a67ea47d7d20",
                "sha256:aca0edf062ec09e954fdf0cc93d3a872362701210983a1442549e703aedec25d",
                "sha256:b0dd2114d93d8f424bb8ae76e0dc540f104b70ca9163172c05e7700b1459d4c9",
                "sha256:b2c09359d6802279efb9efb3f91a9c94567151baee95175f9b637ea628f35244",
                "sha256:ca7bc37b1efb7cc25271bf10f398462ed975d95259af1406d38fcb268466e34f",
                "sha256:e64235d9013ebf6319cb9654e08f5066112c34d8c4cc41186254ab9c3d6d5b9b",
                "sha256:ec9be679c0065667503851141c31fa699e1cc69ded3ba8e5d3673dd5a6eb1370",
                "sha256:eca00d0f91fcb44d88b12f1fd16ad138e38fa07debb79587e2b7ff1fe80d72b9",
                "sha256:f256e807b8b2b45b6af60d7f2bb5194aab2f4acc861241c4d8ef942a55f5030d",
                "sha256:fce7612a3bd6a7ba95799f88285653bf130bd7ca066b52674d5f850108b2aec0"
            ],
            "index": "pypi",
            "version": "==2.7.6.1"
        },
        "py": {
            "hashes": [
                "sha256:5e27081401262157467ad6e7f851b7aa402c5852dbcb3dae06768434de5752aa",
                "sha256:c20fdd83a5dbc0af9efd622bee9a5564e278f6380fffcacc43ba6f43db2813b0"
            ],
            "version": "==1.8.1"
        },
        "pycodestyle": {
            "hashes": [
                "sha256:cbc619d09254895b0d12c2c691e237b2e91e9b2ecf5e84c26b35400f93dcfb83",
                "sha256:cbfca99bd594a10f674d0cd97a3d802a1fdef635d4361e1a2658de47ed261e3a"
            ],
            "version": "==2.4.0"
        },
        "pycountry": {
            "hashes": [
                "sha256:3c57aa40adcf293d59bebaffbe60d8c39976fba78d846a018dc0c2ec9c6cb3cb"
            ],
            "version": "==19.8.18"
        },
        "pyflakes": {
            "hashes": [
                "sha256:9a7662ec724d0120012f6e29d6248ae3727d821bba522a0e6b356eff19126a49",
                "sha256:f661252913bc1dbe7fcfcbf0af0db3f42ab65aabd1a6ca68fe5d466bace94dae"
            ],
            "version": "==2.0.0"
        },
        "pyshp": {
            "hashes": [
                "sha256:e65c7f24d372b97d0920b864bbeb78322bb37b83f2606e2a2212631d5d51e5c0"
            ],
            "version": "==2.1.0"
        },
        "pytest": {
            "hashes": [
                "sha256:488c842647bbeb350029da10325cb40af0a9c7a2fdda45aeb1dda75b60048ffb",
                "sha256:c055690dfefa744992f563e8c3a654089a6aa5b8092dded9b6fafbd70b2e45a7"
            ],
            "index": "pypi",
            "version": "==4.0.0"
        },
        "python-dateutil": {
            "hashes": [
                "sha256:73ebfe9dbf22e832286dafa60473e4cd239f8592f699aa5adaf10050e6e1823c",
                "sha256:75bb3f31ea686f1197762692a9ee6a7550b59fc6ca3a1f4b5d7e32fb98e2da2a"
            ],
            "version": "==2.8.1"
        },
        "python-slugify": {
            "hashes": [
                "sha256:a8fc3433821140e8f409a9831d13ae5deccd0b033d4744d94b31fea141bdd84c"
            ],
            "version": "==4.0.0"
        },
        "pytz": {
            "hashes": [
                "sha256:a494d53b6d39c3c6e44c3bec237336e14305e4f29bbf800b599253057fbb79ed",
                "sha256:c35965d010ce31b23eeb663ed3cc8c906275d6be1a34393a1d73a41febf4a048"
            ],
            "version": "==2020.1"
        },
        "requests": {
            "hashes": [
                "sha256:43999036bfa82904b6af1d99e4882b560e5e2c68e5c4b0aa03b655f3d7d73fee",
                "sha256:b3f43d496c6daba4493e7c431722aeb7dbc6288f52a6e04e7b6023b0247817e6"
            ],
            "version": "==2.23.0"
        },
        "s3transfer": {
            "hashes": [
                "sha256:2482b4259524933a022d59da830f51bd746db62f047d6eb213f2f8855dcb8a13",
                "sha256:921a37e2aefc64145e7b73d50c71bb4f26f46e4c9f414dc648c6245ff92cf7db"
            ],
            "version": "==0.3.3"
        },
        "shapely": {
            "hashes": [
                "sha256:11090bd5b5f11d54e1924a11198226971dab6f392c2e5a3c74514857f764b971",
                "sha256:1af407c58e7898a511ad01dc6e7c2099493071d939340553686b27513db6478e",
                "sha256:2154b9f25c5f13785cb05ce80b2c86e542bc69671193743f29c9f4c791c35db3",
                "sha256:234c5424d61d8b263d6d20045f5f32437819627ca57c1ea0c08368013b49824b",
                "sha256:29be7767a32df19e2186288cee63e539b386a35139524dc22eeceb244d0b092b",
                "sha256:2a2d37105c1d6d936f829de6c1c4ec8d43484d7b8bae8493bdd4267140dce650",
                "sha256:3793b09cbd86fe297193b365cbaf58b2f7d1ddeb273213185b2ddbab360e54ae",
                "sha256:4acbd566544c33bbc58c7dd264638ff3b91a57d9b162693c37520ea60d13668d",
                "sha256:50f96eb9993b6d841aac0addb84ea5f9da81c3fa97e1ec67c11964c8bb4fa0a5",
                "sha256:640e8a82b5f69ccd14e7520dd66d1247cf362096586e663ef9b8098cc0cb272b",
                "sha256:7554b1acd64a34d78189ab2f691bac967e0d9b38a4f345044552f9dcf3f92149",
                "sha256:7e9b01e89712fd988f931721fa36298e06a02eedf87fe7a7fd704d08f74c00f1",
                "sha256:9c62a9f7adceaa3110f2ec359c70dddd1640191609e91029e4d307e63fc8a5af",
                "sha256:a6c07b3b87455d107b0e4097889e9aba80a0812abf32a322a133af819b85d68a",
                "sha256:ae9a2da2b30c0b42029337854f78c71c28d285d254efd5f3be3700d997bfd18e",
                "sha256:b845a97f8366cc4aca197c3b04304cc301d9250518123155732da6a0e0575b49",
                "sha256:cc0fb1851b59473d2fa2f257f1e35740875af3f402c4575b4115028234e6f2eb",
                "sha256:e21a9fe1a416463ff11ae037766fe410526c95700b9e545372475d2361cc951e",
                "sha256:f7eb83fb36755edcbeb76fb367104efdf980307536c38ef610cb2e1a321defe0"
            ],
            "version": "==1.7.0"
        },
        "six": {
            "hashes": [
                "sha256:30639c035cdb23534cd4aa2dd52c3bf48f06e5f4a941509c8bafd8ce11080259",
                "sha256:8b74bedcbbbaca38ff6d7491d76f2b06b3592611af620f8426e82dddb04a5ced"
            ],
            "version": "==1.15.0"
        },
        "sqlparse": {
            "hashes": [
                "sha256:022fb9c87b524d1f7862b3037e541f68597a730a8843245c349fc93e1643dc4e",
                "sha256:e162203737712307dfe78860cc56c8da8a852ab2ee33750e33aeadf38d12c548"
            ],
            "version": "==0.3.1"
        },
        "stringcase": {
            "hashes": [
                "sha256:48a06980661908efe8d9d34eab2b6c13aefa2163b3ced26972902e3bdfd87008"
            ],
            "version": "==1.2.0"
        },
        "text-unidecode": {
            "hashes": [
                "sha256:1311f10e8b895935241623731c2ba64f4c455287888b18189350b67134a822e8",
                "sha256:bad6603bb14d279193107714b288be206cac565dfa49aa5b105294dd5c4aab93"
            ],
            "version": "==1.3"
        },
        "tqdm": {
            "hashes": [
                "sha256:07c06493f1403c1380b630ae3dcbe5ae62abcf369a93bbc052502279f189ab8c",
                "sha256:cd140979c2bebd2311dfb14781d8f19bd5a9debb92dcab9f6ef899c987fcf71f"
            ],
            "version": "==4.46.1"
        },
        "urllib3": {
            "hashes": [
                "sha256:3018294ebefce6572a474f0604c2021e33b3fd8006ecd11d62107a5d2a963527",
                "sha256:88206b0eb87e6d677d424843ac5209e3fb9d0190d0ee169599165ec25e9d9115"
            ],
            "markers": "python_version != '3.4'",
            "version": "==1.25.9"
        },
        "us": {
            "hashes": [
                "sha256:cb11ad0d43deff3a1c3690c74f0c731cff5b862c73339df2edd91133e1496fbc"
            ],
            "version": "==2.0.2"
        },
        "zipp": {
            "hashes": [
                "sha256:aa36550ff0c0b7ef7fa639055d797116ee891440eac1a56f378e2d3179e0320b",
                "sha256:c599e4d75c98f6798c509911d08a22e6c021d074469042177c8c86fb92eefd96"
            ],
            "version": "==3.1.0"
        }
    },
    "develop": {}
}
