{
    "_meta": {
        "hash": {
            "sha256": "e94fcf277d4b6217a474282b3177e169048a8b568d4cf251cddc3a1803880624"
        },
        "pipfile-spec": 6,
        "requires": {
            "python_version": "3.6"
        },
        "sources": [
            {
                "name": "pypi",
                "url": "https://pypi.python.org/simple",
                "verify_ssl": true
            }
        ]
    },
    "default": {
        "atomicwrites": {
            "hashes": [
                "sha256:81b2c9071a49367a7f770170e5eec8cb66567cfbbc8c73d20ce5ca4a8d71cf11"
            ],
            "markers": "python_version >= '2.7' and python_version not in '3.0, 3.1, 3.2, 3.3'",
            "version": "==1.4.1"
        },
        "attrs": {
            "hashes": [
                "sha256:29adc2665447e5191d0e7c568fde78b21f9672d344281d0c6e1ab085429b22b6",
                "sha256:86efa402f67bf2df34f51a335487cf46b1ec130d02b8d39fd248abfd30da551c"
            ],
            "markers": "python_version >= '3.5'",
            "version": "==22.1.0"
        },
        "biography": {
            "editable": true,
            "path": "./.."
        },
        "boto3": {
            "hashes": [
                "sha256:2a4395e3241c20eef441d7443a5e6eaa0ee3f7114653fb9d9cef41587526f7bd",
                "sha256:40d08614f17a69075e175c02c5d5aab69a6153fd50e40fa7057b913ac7bf40e7"
            ],
            "markers": "python_version >= '3.6'",
            "version": "==1.23.10"
        },
        "botocore": {
            "hashes": [
                "sha256:5df2cf7ebe34377470172bd0bbc582cf98c5cbd02da0909a14e9e2885ab3ae9c",
                "sha256:8a4a984bf901ccefe40037da11ba2abd1ddbcb3b490a492b7f218509c99fc12f"
            ],
            "markers": "python_version >= '3.6'",
            "version": "==1.26.10"
        },
        "census": {
            "hashes": [
                "sha256:07341123fcbffad5fef613320a4dce05139050f0c2b2e6963d254e5973258eae"
            ],
            "version": "==0.8.19"
        },
        "certifi": {
            "hashes": [
                "sha256:35824b4c3a97115964b408844d64aa14db1cc518f6562e8d7261699d1350a9e3",
                "sha256:4ad3232f5e926d6718ec31cfc1fcadfde020920e278684144551c91769c7bc18"
            ],
            "index": "pypi",
            "version": "==2022.12.7"
        },
        "charset-normalizer": {
            "hashes": [
                "sha256:2857e29ff0d34db842cd7ca3230549d1a697f96ee6d3fb071cfa6c7393832597",
                "sha256:6881edbebdb17b39b4eaaa821b438bf6eddffb4468cf344f09f89def34a8b1df"
            ],
            "markers": "python_version >= '3'",
            "version": "==2.0.12"
        },
        "dictobject": {
            "hashes": [
                "sha256:1920ae314d121c53d3c0a3fc2f9cbe124ef9b9ff4b0b165531cfea5b99becc8e"
            ],
            "markers": "python_version >= '2.7' and python_version not in '3.0, 3.1, 3.2, 3.3'",
            "version": "==1.1.1"
        },
        "dj-database-url": {
            "hashes": [
                "sha256:4aeaeb1f573c74835b0686a2b46b85990571159ffc21aa57ecd4d1e1cb334163",
                "sha256:851785365761ebe4994a921b433062309eb882fedd318e1b0fcecc607ed02da9"
            ],
            "index": "pypi",
            "version": "==0.5.0"
        },
        "django": {
            "hashes": [
                "sha256:1ffab268ada3d5684c05ba7ce776eaeedef360712358d6a6b340ae9f16486916",
                "sha256:dd46d87af4c1bf54f4c926c3cfa41dc2b5c15782f15e4329752ce65f5dad1c37"
            ],
            "index": "pypi",
            "version": "==2.1.3"
        },
        "django-storages": {
            "hashes": [
                "sha256:3103991c2ee8cef8a2ff096709973ffe7106183d211a79f22cf855f33533d924",
                "sha256:a59e9923cbce7068792f75344ed7727021ee4ac20f227cf17297d0d03d141e91"
            ],
            "markers": "python_version >= '2.7' and python_version not in '3.0, 3.1, 3.2, 3.3'",
            "version": "==1.9.1"
        },
        "django-uuslug": {
            "hashes": [
                "sha256:047e713eeddecf11a674d4cd27ac72407f85ef13196856ba8dfeb4d691d521d4",
                "sha256:5029077e9682db81a9f847cec9dc33c07f2e455e31f98931869e6220ca65a3e9"
            ],
            "markers": "python_version >= '2.7' and python_version not in '3.0, 3.1, 3.2, 3.3, 3.4, 3.5'",
            "version": "==2.0.0"
        },
        "djangorestframework": {
            "hashes": [
                "sha256:607865b0bb1598b153793892101d881466bd5a991de12bd6229abb18b1c86136",
                "sha256:63f76cbe1e7d12b94c357d7e54401103b2e52aef0f7c1650d6c820ad708776e5"
            ],
            "index": "pypi",
            "version": "==3.9.0"
        },
        "flake8": {
            "hashes": [
                "sha256:6a35f5b8761f45c5513e3405f110a86bea57982c3b75b766ce7b65217abe1670",
                "sha256:c01f8a3963b3571a8e6bd7a4063359aff90749e160778e03817cd9b71c9e07d2"
            ],
            "index": "pypi",
            "version": "==3.6.0"
        },
        "geojson": {
            "hashes": [
                "sha256:6e4bb7ace4226a45d9c8c8b1348b3fc43540658359f93c3f7e03efa9f15f658a",
                "sha256:ccbd13368dd728f4e4f13ffe6aaf725b6e802c692ba0dde628be475040c534ba"
            ],
            "version": "==2.5.0"
        },
        "idna": {
            "hashes": [
                "sha256:814f528e8dead7d329833b91c5faa87d60bf71824cd12a7530b5526063d02cb4",
                "sha256:90b77e79eaa3eba6de819a0c442c0b4ceefc341a7a2ab77d7562bf49f425c5c2"
            ],
            "markers": "python_version >= '3'",
            "version": "==3.4"
        },
        "importlib-metadata": {
            "hashes": [
                "sha256:65a9576a5b2d58ca44d133c42a241905cc45e34d2c06fd5ba2bafa221e5d7b5e",
                "sha256:766abffff765960fcc18003801f7044eb6755ffae4521c8e8ce8e83b9c9b0668"
            ],
            "markers": "python_version < '3.8'",
            "version": "==4.8.3"
        },
        "importlib-resources": {
            "hashes": [
                "sha256:33a95faed5fc19b4bc16b29a6eeae248a3fe69dd55d4d229d2b480e23eeaad45",
                "sha256:d756e2f85dd4de2ba89be0b21dba2a3bbec2e871a42a3a16719258a11f87506b"
            ],
            "markers": "python_version < '3.7'",
            "version": "==5.4.0"
        },
        "jellyfish": {
            "hashes": [
                "sha256:5104e45a2b804b48a46a92a5e6d6e86830fe60ae83b1da32c867402c8f4c2094"
            ],
            "version": "==0.6.1"
        },
        "jmespath": {
            "hashes": [
                "sha256:b85d0567b8666149a93172712e68920734333c0ce7e89b78b3e987f71e5ed4f9",
                "sha256:cdf6525904cc597730141d61b36f2e4b8ecc257c420fa2f4549bac2c2d0cb72f"
            ],
            "markers": "python_version >= '2.6' and python_version not in '3.0, 3.1, 3.2, 3.3'",
            "version": "==0.10.0"
        },
        "luckydonald-utils": {
            "hashes": [
                "sha256:af9c33eed7f8459fbce8ba2e513918722c9e01d069cc695a7945a83850ee6268",
                "sha256:e5fed3d0975daa73312e2ec912902cd3b550744bcc28c4561f12e5a4acfcba04"
            ],
            "version": "==0.83"
        },
        "mccabe": {
            "hashes": [
                "sha256:ab8a6258860da4b6677da4bd2fe5dc2c659cff31b3ee4f7f5d64e79735b80d42",
                "sha256:dd8d182285a0fe56bace7f45b5e7d1a6ebcbf524e8f3bd87eb0f125271b8831f"
            ],
            "version": "==0.6.1"
        },
        "more-itertools": {
            "hashes": [
                "sha256:1bc4f91ee5b1b31ac7ceacc17c09befe6a40a503907baf9c839c229b5095cfd2",
                "sha256:c09443cd3d5438b8dafccd867a6bc1cb0894389e90cb53d227456b0b0bccb750"
            ],
            "markers": "python_version >= '3.5'",
            "version": "==8.14.0"
        },
        "pillow": {
            "hashes": [
                "sha256:066f3999cb3b070a95c3652712cffa1a748cd02d60ad7b4e485c3748a04d9d76",
                "sha256:0a0956fdc5defc34462bb1c765ee88d933239f9a94bc37d132004775241a7585",
                "sha256:0b052a619a8bfcf26bd8b3f48f45283f9e977890263e4571f2393ed8898d331b",
                "sha256:1394a6ad5abc838c5cd8a92c5a07535648cdf6d09e8e2d6df916dfa9ea86ead8",
                "sha256:1bc723b434fbc4ab50bb68e11e93ce5fb69866ad621e3c2c9bdb0cd70e345f55",
                "sha256:244cf3b97802c34c41905d22810846802a3329ddcb93ccc432870243211c79fc",
                "sha256:25a49dc2e2f74e65efaa32b153527fc5ac98508d502fa46e74fa4fd678ed6645",
                "sha256:2e4440b8f00f504ee4b53fe30f4e381aae30b0568193be305256b1462216feff",
                "sha256:3862b7256046fcd950618ed22d1d60b842e3a40a48236a5498746f21189afbbc",
                "sha256:3eb1ce5f65908556c2d8685a8f0a6e989d887ec4057326f6c22b24e8a172c66b",
                "sha256:3f97cfb1e5a392d75dd8b9fd274d205404729923840ca94ca45a0af57e13dbe6",
                "sha256:493cb4e415f44cd601fcec11c99836f707bb714ab03f5ed46ac25713baf0ff20",
                "sha256:4acc0985ddf39d1bc969a9220b51d94ed51695d455c228d8ac29fcdb25810e6e",
                "sha256:5503c86916d27c2e101b7f71c2ae2cddba01a2cf55b8395b0255fd33fa4d1f1a",
                "sha256:5b7bb9de00197fb4261825c15551adf7605cf14a80badf1761d61e59da347779",
                "sha256:5e9ac5f66616b87d4da618a20ab0a38324dbe88d8a39b55be8964eb520021e02",
                "sha256:620582db2a85b2df5f8a82ddeb52116560d7e5e6b055095f04ad828d1b0baa39",
                "sha256:62cc1afda735a8d109007164714e73771b499768b9bb5afcbbee9d0ff374b43f",
                "sha256:70ad9e5c6cb9b8487280a02c0ad8a51581dcbbe8484ce058477692a27c151c0a",
                "sha256:72b9e656e340447f827885b8d7a15fc8c4e68d410dc2297ef6787eec0f0ea409",
                "sha256:72cbcfd54df6caf85cc35264c77ede902452d6df41166010262374155947460c",
                "sha256:792e5c12376594bfcb986ebf3855aa4b7c225754e9a9521298e460e92fb4a488",
                "sha256:7b7017b61bbcdd7f6363aeceb881e23c46583739cb69a3ab39cb384f6ec82e5b",
                "sha256:81f8d5c81e483a9442d72d182e1fb6dcb9723f289a57e8030811bac9ea3fef8d",
                "sha256:82aafa8d5eb68c8463b6e9baeb4f19043bb31fefc03eb7b216b51e6a9981ae09",
                "sha256:84c471a734240653a0ec91dec0996696eea227eafe72a33bd06c92697728046b",
                "sha256:8c803ac3c28bbc53763e6825746f05cc407b20e4a69d0122e526a582e3b5e153",
                "sha256:93ce9e955cc95959df98505e4608ad98281fff037350d8c2671c9aa86bcf10a9",
                "sha256:9a3e5ddc44c14042f0844b8cf7d2cd455f6cc80fd7f5eefbe657292cf601d9ad",
                "sha256:a4901622493f88b1a29bd30ec1a2f683782e57c3c16a2dbc7f2595ba01f639df",
                "sha256:a5a4532a12314149d8b4e4ad8ff09dde7427731fcfa5917ff16d0291f13609df",
                "sha256:b8831cb7332eda5dc89b21a7bce7ef6ad305548820595033a4b03cf3091235ed",
                "sha256:b8e2f83c56e141920c39464b852de3719dfbfb6e3c99a2d8da0edf4fb33176ed",
                "sha256:c70e94281588ef053ae8998039610dbd71bc509e4acbc77ab59d7d2937b10698",
                "sha256:c8a17b5d948f4ceeceb66384727dde11b240736fddeda54ca740b9b8b1556b29",
                "sha256:d82cdb63100ef5eedb8391732375e6d05993b765f72cb34311fab92103314649",
                "sha256:d89363f02658e253dbd171f7c3716a5d340a24ee82d38aab9183f7fdf0cdca49",
                "sha256:d99ec152570e4196772e7a8e4ba5320d2d27bf22fdf11743dd882936ed64305b",
                "sha256:ddc4d832a0f0b4c52fff973a0d44b6c99839a9d016fe4e6a1cb8f3eea96479c2",
                "sha256:e3dacecfbeec9a33e932f00c6cd7996e62f53ad46fbe677577394aaa90ee419a",
                "sha256:eb9fc393f3c61f9054e1ed26e6fe912c7321af2f41ff49d3f83d05bacf22cc78"
            ],
            "markers": "python_version >= '3.6'",
            "version": "==8.4.0"
        },
        "pip": {
            "hashes": [
                "sha256:deaf32dcd9ab821e359cd8330786bcd077604b5c5730c0b096eda46f95c24a2d",
                "sha256:fd11ba3d0fdb4c07fbc5ecbba0b1b719809420f25038f8ee3cd913d3faa3033a"
            ],
            "markers": "python_version >= '3.6'",
            "version": "==21.3.1"
        },
        "pluggy": {
            "hashes": [
                "sha256:4224373bacce55f955a878bf9cfa763c1e360858e330072059e10bad68531159",
                "sha256:74134bbf457f031a36d68416e1509f34bd5ccc019f0bcc952c7b909d06b37bd3"
            ],
            "markers": "python_version >= '3.6'",
            "version": "==1.0.0"
        },
        "politico-civic-election": {
            "hashes": [
                "sha256:9172d25fd19129e15b5af4c70374407f7b225e0f48ca0b7e087fc77910cead52",
                "sha256:bebf99742fc1a81b965cf5d34ea7446e517cc9ec951c67b3781f72f2457000f9"
            ],
            "index": "pypi",
            "version": "==0.3.0"
        },
        "politico-civic-entity": {
            "hashes": [
                "sha256:8f1b96f86cea483d2e6f1510b7bcf66e944bc919ef7d671e28ae86421a9ea69a",
                "sha256:ee33403556daeb8c549df62827e425ec0007f87650b61ec42055c16a463bf9aa"
            ],
            "index": "pypi",
            "version": "==0.2.1"
        },
        "politico-civic-geography": {
            "hashes": [
                "sha256:33bfca6fc038f578d04b04249e47c1e68049ae37f3d2c7d0f9db13e50ad30926",
                "sha256:5cb912cfe42816a0e8cbdf528dbaa990cc06892469a9ba3c5a3517245bea7cca"
            ],
            "index": "pypi",
            "version": "==0.5.1"
        },
        "politico-civic-government": {
            "hashes": [
                "sha256:2cb68b68a74352b1ef0385b24b644e5f215ba1b399dfe6bad18e44d61838dfbd",
                "sha256:4d22fe637d8b32228b700d5accb599719f5a87a1d914e8b7c19bd235bc90fb17"
            ],
            "index": "pypi",
            "version": "==0.1.4"
        },
        "psycopg2": {
            "hashes": [
                "sha256:10e391687b171878181e71736d0effe3772314a339d9ae30995ec8171a0c834e",
                "sha256:1283f9d45e458c2dcb15ba89367923563f90ef636fe78ee22df75183484a0237",
                "sha256:1a9c32e4d140bea225f9821d993b2e53c913e717ea97b851246aa9b300095d8f",
                "sha256:1be6f2438d2b71fec7b07c3c0949dd321b04349c382907ea76b36120edec8300",
                "sha256:20ca6f29e118b8dd7133e8708b3fba2881e70a4e0841f874ed23985b7201a076",
                "sha256:227c115b3c1f65d61385e51ac690b91b584640aefb45bffacd4bd33d02ed7221",
                "sha256:27959abe64ca1fc6d8cd11a71a1f421d8287831a3262bd4cacd43bbf43cc3c82",
                "sha256:2b2daf1fe30a58300542aea679fd87d1e1c2afd36e7644837b7954fa2dbacb92",
                "sha256:36e51a51f295fdf67bcf05e7b1877011a6b39e6622b0013fe31c5025241873a3",
                "sha256:3992b9b914f2eb77dc07e8045d2ca979e491612808bc5c7cd68f307469acf9f6",
                "sha256:39a11de2335ad45ececed43ab851d36a4c52843d756471b940804f301792781e",
                "sha256:3c2afe9ef0d1649005e3ccf93c1aaccd6f8ee379530e763d3b3b77f406b7c0ae",
                "sha256:3fb18e0e52807fe3a300dc1b5421aa492d5e759550918f597d61863419482535",
                "sha256:55eab94de96ee9702f23283e9c8b03cfdb0001e2b14d5d2e1bd5ff8114b96b9f",
                "sha256:7e95c0ab7e7e6e452586f35d4d8966b1e924c8dd2c23977e3ea4968770ff1d26",
                "sha256:7f47514dbddf604f196fcfe5da955537f04691bef8124aff5632316a78d992b7",
                "sha256:8345370356bb4bddf93acbcfd0357163dd6b09471937adcfb38a2fbb49bdce53",
                "sha256:8bc6ecb220c0b88d3742042013129c817c44459795c97e9ce1bca70a3f37a53b",
                "sha256:8df623f248be15d1725faf5f333791678775047f12f17a90d29b5d22573f5cdc",
                "sha256:9645f1305e4268cc0fc88c823cd6c91de27c003e183c233a6a230e5e963039ee",
                "sha256:a68719ed5be8373dd72c9e45d55f7a202285e05a2e392eaa8872a67ea47d7d20",
                "sha256:aca0edf062ec09e954fdf0cc93d3a872362701210983a1442549e703aedec25d",
                "sha256:b0dd2114d93d8f424bb8ae76e0dc540f104b70ca9163172c05e7700b1459d4c9",
                "sha256:b2c09359d6802279efb9efb3f91a9c94567151baee95175f9b637ea628f35244",
                "sha256:ca7bc37b1efb7cc25271bf10f398462ed975d95259af1406d38fcb268466e34f",
                "sha256:e64235d9013ebf6319cb9654e08f5066112c34d8c4cc41186254ab9c3d6d5b9b",
                "sha256:ec9be679c0065667503851141c31fa699e1cc69ded3ba8e5d3673dd5a6eb1370",
                "sha256:eca00d0f91fcb44d88b12f1fd16ad138e38fa07debb79587e2b7ff1fe80d72b9",
                "sha256:f256e807b8b2b45b6af60d7f2bb5194aab2f4acc861241c4d8ef942a55f5030d",
                "sha256:fce7612a3bd6a7ba95799f88285653bf130bd7ca066b52674d5f850108b2aec0"
            ],
            "index": "pypi",
            "version": "==2.7.6.1"
        },
        "py": {
            "hashes": [
                "sha256:51c75c4126074b472f746a24399ad32f6053d1b34b68d2fa41e558e6f4a98719",
                "sha256:607c53218732647dff4acdfcd50cb62615cedf612e72d1724fb1a0cc6405b378"
            ],
            "markers": "python_version >= '2.7' and python_version not in '3.0, 3.1, 3.2, 3.3, 3.4'",
            "version": "==1.11.0"
        },
        "pycodestyle": {
            "hashes": [
                "sha256:74abc4e221d393ea5ce1f129ea6903209940c1ecd29e002e8c6933c2b21026e0",
                "sha256:cbc619d09254895b0d12c2c691e237b2e91e9b2ecf5e84c26b35400f93dcfb83",
                "sha256:cbfca99bd594a10f674d0cd97a3d802a1fdef635d4361e1a2658de47ed261e3a"
            ],
            "version": "==2.4.0"
        },
        "pycountry": {
            "hashes": [
                "sha256:b2163a246c585894d808f18783e19137cb70a0c18fb36748dc01fc6f109c1646"
            ],
            "markers": "python_version >= '3.6' and python_version < '4'",
            "version": "==22.3.5"
        },
        "pyflakes": {
            "hashes": [
                "sha256:9a7662ec724d0120012f6e29d6248ae3727d821bba522a0e6b356eff19126a49",
                "sha256:f661252913bc1dbe7fcfcbf0af0db3f42ab65aabd1a6ca68fe5d466bace94dae"
            ],
            "markers": "python_version >= '2.7' and python_version not in '3.0, 3.1, 3.2, 3.3'",
            "version": "==2.0.0"
        },
        "pyshp": {
            "hashes": [
                "sha256:4caec82fd8dd096feba8217858068bacb2a3b5950f43c048c6dc32a3489d5af1",
                "sha256:67024c0ccdc352ba5db777c4e968483782dfa78f8e200672a90d2d30fd8b7b49"
            ],
            "markers": "python_version >= '2.7'",
            "version": "==2.3.1"
        },
        "pytest": {
            "hashes": [
                "sha256:488c842647bbeb350029da10325cb40af0a9c7a2fdda45aeb1dda75b60048ffb",
                "sha256:c055690dfefa744992f563e8c3a654089a6aa5b8092dded9b6fafbd70b2e45a7"
            ],
            "index": "pypi",
            "version": "==4.0.0"
        },
        "python-dateutil": {
            "hashes": [
                "sha256:0123cacc1627ae19ddf3c27a5de5bd67ee4586fbdd6440d9748f8abb483d3e86",
                "sha256:961d03dc3453ebbc59dbdea9e4e11c5651520a876d0f4db161e8674aae935da9"
            ],
            "markers": "python_version >= '2.7' and python_version not in '3.0, 3.1, 3.2, 3.3'",
            "version": "==2.8.2"
        },
        "python-slugify": {
            "hashes": [
                "sha256:272d106cb31ab99b3496ba085e3fea0e9e76dcde967b5e9992500d1f785ce4e1",
                "sha256:7b2c274c308b62f4269a9ba701aa69a797e9bca41aeee5b3a9e79e36b6656927"
            ],
            "markers": "python_version >= '2.7' and python_version not in '3.0, 3.1, 3.2, 3.3, 3.4, 3.5'",
            "version": "==6.1.2"
        },
        "pytz": {
            "hashes": [
                "sha256:222439474e9c98fced559f1709d89e6c9cbf8d79c794ff3eb9f8800064291427",
                "sha256:e89512406b793ca39f5971bc999cc538ce125c0e51c27941bef4568b460095e2"
            ],
            "version": "==2022.6"
        },
        "requests": {
            "hashes": [
                "sha256:68d7c56fd5a8999887728ef304a6d12edc7be74f1cfa47714fc8b414525c9a61",
                "sha256:f22fa1e554c9ddfd16e6e41ac79759e17be9e492b3587efa038054674760e72d"
            ],
            "markers": "python_version >= '2.7' and python_version not in '3.0, 3.1, 3.2, 3.3, 3.4, 3.5'",
            "version": "==2.27.1"
        },
        "s3transfer": {
            "hashes": [
                "sha256:7a6f4c4d1fdb9a2b640244008e142cbc2cd3ae34b386584ef044dd0f27101971",
                "sha256:95c58c194ce657a5f4fb0b9e60a84968c808888aed628cd98ab8771fe1db98ed"
            ],
            "markers": "python_version >= '3.6'",
            "version": "==0.5.2"
        },
        "sanitized-package": {
            "editable": true,
            "path": "./.."
        },
        "setuptools": {
            "hashes": [
                "sha256:22c7348c6d2976a52632c67f7ab0cdf40147db7789f9aed18734643fe9cf3373",
                "sha256:4ce92f1e1f8f01233ee9952c04f6b81d1e02939d6e1b488428154974a4d0783e"
            ],
            "markers": "python_version >= '3.6'",
            "version": "==59.6.0"
        },
        "shapely": {
            "hashes": [
                "sha256:02dd5d7dc6e46515d88874134dc8fcdc65826bca93c3eecee59d1910c42c1b17",
                "sha256:0b4ee3132ee90f07d63db3aea316c4c065ed7a26231458dda0874414a09d6ba3",
                "sha256:0d885cb0cf670c1c834df3f371de8726efdf711f18e2a75da5cfa82843a7ab65",
                "sha256:147066da0be41b147a61f8eb805dea3b13709dbc873a431ccd7306e24d712bc0",
                "sha256:21776184516a16bf82a0c3d6d6a312b3cd15a4cabafc61ee01cf2714a82e8396",
                "sha256:2e0a8c2e55f1be1312b51c92b06462ea89e6bb703fab4b114e7a846d941cfc40",
                "sha256:2fd15397638df291c427a53d641d3e6fd60458128029c8c4f487190473a69a91",
                "sha256:3480657460e939f45a7d359ef0e172a081f249312557fe9aa78c4fd3a362d993",
                "sha256:370b574c78dc5af3a198a6da5d9b3d7c04654bd2ef7e80e80a3a0992dfb2d9cd",
                "sha256:38f0fbbcb8ca20c16451c966c1f527cc43968e121c8a048af19ed3e339a921cd",
                "sha256:4728666fff8cccc65a07448cae72c75a8773fea061c3f4f139c44adc429b18c3",
                "sha256:48dcfffb9e225c0481120f4bdf622131c8c95f342b00b158cdbe220edbbe20b6",
                "sha256:532a55ee2a6c52d23d6f7d1567c8f0473635f3b270262c44e1b0c88096827e22",
                "sha256:5d7f85c2d35d39ff53c9216bc76b7641c52326f7e09aaad1789a3611a0f812f2",
                "sha256:65b21243d8f6bcd421210daf1fabb9de84de2c04353c5b026173b88d17c1a581",
                "sha256:66bdac74fbd1d3458fa787191a90fa0ae610f09e2a5ec398c36f968cc0ed743f",
                "sha256:6d388c0c1bd878ed1af4583695690aa52234b02ed35f93a1c8486ff52a555838",
                "sha256:6fe855e7d45685926b6ba00aaeb5eba5862611f7465775dacd527e081a8ced6d",
                "sha256:753ed0e21ab108bd4282405b9b659f2e985e8502b1a72b978eaa51d3496dee19",
                "sha256:783bad5f48e2708a0e2f695a34ed382e4162c795cb2f0368b39528ac1d6db7ed",
                "sha256:78fb9d929b8ee15cfd424b6c10879ce1907f24e05fb83310fc47d2cd27088e40",
                "sha256:84010db15eb364a52b74ea8804ef92a6a930dfc1981d17a369444b6ddec66efd",
                "sha256:8d086591f744be483b34628b391d741e46f2645fe37594319e0a673cc2c26bcf",
                "sha256:8e59817b0fe63d34baedaabba8c393c0090f061917d18fc0bcc2f621937a8f73",
                "sha256:99a2f0da0109e81e0c101a2b4cd8412f73f5f299e7b5b2deaf64cd2a100ac118",
                "sha256:99ab0ddc05e44acabdbe657c599fdb9b2d82e86c5493bdae216c0c4018a82dee",
                "sha256:a23ef3882d6aa203dd3623a3d55d698f59bfbd9f8a3bfed52c2da05a7f0f8640",
                "sha256:a354199219c8d836f280b88f2c5102c81bb044ccea45bd361dc38a79f3873714",
                "sha256:a74631e511153366c6dbe3229fa93f877e3c87ea8369cd00f1d38c76b0ed9ace",
                "sha256:ab38f7b5196ace05725e407cb8cab9ff66edb8e6f7bb36a398e8f73f52a7aaa2",
                "sha256:adcf8a11b98af9375e32bff91de184f33a68dc48b9cb9becad4f132fa25cfa3c",
                "sha256:b65f5d530ba91e49ffc7c589255e878d2506a8b96ffce69d3b7c4500a9a9eaf8",
                "sha256:be9423d5a3577ac2e92c7e758bd8a2b205f5e51a012177a590bc46fc51eb4834",
                "sha256:c2822111ddc5bcfb116e6c663e403579d0fe3f147d2a97426011a191c43a7458",
                "sha256:c6a9a4a31cd6e86d0fbe8473ceed83d4fe760b19d949fb557ef668defafea0f6",
                "sha256:d048f93e42ba578b82758c15d8ae037d08e69d91d9872bca5a1895b118f4e2b0",
                "sha256:e9c30b311de2513555ab02464ebb76115d242842b29c412f5a9aa0cac57be9f6",
                "sha256:ec14ceca36f67cb48b34d02d7f65a9acae15cd72b48e303531893ba4a960f3ea",
                "sha256:ef3be705c3eac282a28058e6c6e5503419b250f482320df2172abcbea642c831"
            ],
            "markers": "python_version >= '3.6'",
            "version": "==1.8.5.post1"
        },
        "six": {
            "hashes": [
                "sha256:1e61c37477a1626458e36f7b1d82aa5c9b094fa4802892072e49de9c60c4c926",
                "sha256:8abb2f1d86890a2dfb989f9a77cfcfd3e47c2a354b01111771326f8aa26e0254"
            ],
            "markers": "python_version >= '2.7' and python_version not in '3.0, 3.1, 3.2, 3.3'",
            "version": "==1.16.0"
        },
        "stringcase": {
            "hashes": [
                "sha256:48a06980661908efe8d9d34eab2b6c13aefa2163b3ced26972902e3bdfd87008"
            ],
            "version": "==1.2.0"
        },
        "text-unidecode": {
            "hashes": [
                "sha256:1311f10e8b895935241623731c2ba64f4c455287888b18189350b67134a822e8",
                "sha256:bad6603bb14d279193107714b288be206cac565dfa49aa5b105294dd5c4aab93"
            ],
            "version": "==1.3"
        },
        "tqdm": {
            "hashes": [
                "sha256:5f4f682a004951c1b450bc753c710e9280c5746ce6ffedee253ddbcbf54cf1e4",
                "sha256:6fee160d6ffcd1b1c68c65f14c829c22832bc401726335ce92c52d395944a6a1"
            ],
            "markers": "python_version >= '2.7' and python_version not in '3.0, 3.1, 3.2, 3.3'",
            "version": "==4.64.1"
        },
        "typing-extensions": {
            "hashes": [
                "sha256:1a9462dcc3347a79b1f1c0271fbe79e844580bb598bafa1ed208b94da3cdcd42",
                "sha256:21c85e0fe4b9a155d0799430b0ad741cdce7e359660ccbd8b530613e8df88ce2"
            ],
            "markers": "python_version < '3.8'",
            "version": "==4.1.1"
        },
        "urllib3": {
            "hashes": [
                "sha256:47cc05d99aaa09c9e72ed5809b60e7ba354e64b59c9c173ac3018642d8bb41fc",
                "sha256:c083dd0dce68dbfbe1129d5271cb90f9447dea7d52097c6e0126120c521ddea8"
            ],
            "markers": "python_version >= '2.7' and python_version not in '3.0, 3.1, 3.2, 3.3, 3.4, 3.5'",
            "version": "==1.26.13"
        },
        "us": {
            "hashes": [
                "sha256:cb11ad0d43deff3a1c3690c74f0c731cff5b862c73339df2edd91133e1496fbc"
            ],
            "version": "==2.0.2"
        },
        "zipp": {
            "hashes": [
                "sha256:71c644c5369f4a6e07636f0aa966270449561fcea2e3d6747b8d23efaa9d7832",
                "sha256:9fe5ea21568a0a70e50f273397638d39b03353731e6cbbb3fd8502a33fec40bc"
            ],
            "markers": "python_version >= '3.6'",
            "version": "==3.6.0"
        }
    },
    "develop": {}
}
